
Microsoft Visual Studio Solution File, Format Version 12.00
# Visual Studio 2012
Project("{8BC9CEB8-8B4A-11D0-8D11-00A0C91BC942}") = "Ntreev.Windows.Forms.Grid", "Ntreev.Windows.Forms.Grid\GridControl.vcxproj", "{D4D0F372-7312-4B53-BCA9-EA27FD971B32}"
	ProjectSection(ProjectDependencies) = postProject
		{9AD99441-A33A-4F97-A571-98ED82C95827} = {9AD99441-A33A-4F97-A571-98ED82C95827}
		{861745B0-CE2E-4725-881A-FD0958DE602D} = {861745B0-CE2E-4725-881A-FD0958DE602D}
	EndProjectSection
EndProject
Project("{8BC9CEB8-8B4A-11D0-8D11-00A0C91BC942}") = "GridCore", "GridCore\GridCore.vcxproj", "{9AD99441-A33A-4F97-A571-98ED82C95827}"
EndProject
Project("{FAE04EC0-301F-11D3-BF4B-00C04F79EFBC}") = "Ntreev.Windows.Forms.Grid.Design", "Ntreev.Windows.Forms.Grid.Design\Ntreev.Windows.Forms.Grid.Design.csproj", "{8EB27EC4-86A3-44A7-9767-19C343709894}"
EndProject
Project("{8BC9CEB8-8B4A-11D0-8D11-00A0C91BC942}") = "GridPainterDC", "GridPainterDC\GridPainterDC.vcxproj", "{861745B0-CE2E-4725-881A-FD0958DE602D}"
EndProject
Project("{FAE04EC0-301F-11D3-BF4B-00C04F79EFBC}") = "SampleApplication", "SampleApplication\SampleApplication.csproj", "{BE81D0F0-0D06-44CF-8C06-C16EC4B13D63}"
	ProjectSection(ProjectDependencies) = postProject
		{8EB27EC4-86A3-44A7-9767-19C343709894} = {8EB27EC4-86A3-44A7-9767-19C343709894}
	EndProjectSection
EndProject
Project("{FAE04EC0-301F-11D3-BF4B-00C04F79EFBC}") = "Ntreev.Crema.Library", "..\..\..\NTG\Crema\tags\2.0.0\common library\Ntreev.Crema.Library\Ntreev.Crema.Library.csproj", "{EB8E9874-54FA-4789-ACC0-B25D8337B6C7}"
EndProject
Project("{FAE04EC0-301F-11D3-BF4B-00C04F79EFBC}") = "Ntreev.Library.Grid", "Ntreev.Library.Grid\Ntreev.Library.Grid.csproj", "{0BE425C2-3FFD-446D-ACEE-697418422E15}"
EndProject
Global
	GlobalSection(SolutionConfigurationPlatforms) = preSolution
		Debug|Any CPU = Debug|Any CPU
		Debug|Mixed Platforms = Debug|Mixed Platforms
		Debug|x64 = Debug|x64
		Debug|x86 = Debug|x86
		Release|Any CPU = Release|Any CPU
		Release|Mixed Platforms = Release|Mixed Platforms
		Release|x64 = Release|x64
		Release|x86 = Release|x86
	EndGlobalSection
	GlobalSection(ProjectConfigurationPlatforms) = postSolution
		{D4D0F372-7312-4B53-BCA9-EA27FD971B32}.Debug|Any CPU.ActiveCfg = Debug|Win32
		{D4D0F372-7312-4B53-BCA9-EA27FD971B32}.Debug|Mixed Platforms.ActiveCfg = Debug|Win32
		{D4D0F372-7312-4B53-BCA9-EA27FD971B32}.Debug|Mixed Platforms.Build.0 = Debug|Win32
		{D4D0F372-7312-4B53-BCA9-EA27FD971B32}.Debug|x64.ActiveCfg = Debug|x64
		{D4D0F372-7312-4B53-BCA9-EA27FD971B32}.Debug|x64.Build.0 = Debug|x64
		{D4D0F372-7312-4B53-BCA9-EA27FD971B32}.Debug|x86.ActiveCfg = Debug|Win32
		{D4D0F372-7312-4B53-BCA9-EA27FD971B32}.Debug|x86.Build.0 = Debug|Win32
		{D4D0F372-7312-4B53-BCA9-EA27FD971B32}.Release|Any CPU.ActiveCfg = Release|Win32
		{D4D0F372-7312-4B53-BCA9-EA27FD971B32}.Release|Mixed Platforms.ActiveCfg = Release|Win32
		{D4D0F372-7312-4B53-BCA9-EA27FD971B32}.Release|Mixed Platforms.Build.0 = Release|Win32
		{D4D0F372-7312-4B53-BCA9-EA27FD971B32}.Release|x64.ActiveCfg = Release|x64
		{D4D0F372-7312-4B53-BCA9-EA27FD971B32}.Release|x64.Build.0 = Release|x64
		{D4D0F372-7312-4B53-BCA9-EA27FD971B32}.Release|x86.ActiveCfg = Release|Win32
		{D4D0F372-7312-4B53-BCA9-EA27FD971B32}.Release|x86.Build.0 = Release|Win32
		{9AD99441-A33A-4F97-A571-98ED82C95827}.Debug|Any CPU.ActiveCfg = Debug|Win32
		{9AD99441-A33A-4F97-A571-98ED82C95827}.Debug|Mixed Platforms.ActiveCfg = Debug|Win32
		{9AD99441-A33A-4F97-A571-98ED82C95827}.Debug|Mixed Platforms.Build.0 = Debug|Win32
		{9AD99441-A33A-4F97-A571-98ED82C95827}.Debug|x64.ActiveCfg = Debug|x64
		{9AD99441-A33A-4F97-A571-98ED82C95827}.Debug|x64.Build.0 = Debug|x64
		{9AD99441-A33A-4F97-A571-98ED82C95827}.Debug|x86.ActiveCfg = Debug|Win32
		{9AD99441-A33A-4F97-A571-98ED82C95827}.Debug|x86.Build.0 = Debug|Win32
		{9AD99441-A33A-4F97-A571-98ED82C95827}.Release|Any CPU.ActiveCfg = Release|Win32
		{9AD99441-A33A-4F97-A571-98ED82C95827}.Release|Mixed Platforms.ActiveCfg = Release|Win32
		{9AD99441-A33A-4F97-A571-98ED82C95827}.Release|Mixed Platforms.Build.0 = Release|Win32
		{9AD99441-A33A-4F97-A571-98ED82C95827}.Release|x64.ActiveCfg = Release|x64
		{9AD99441-A33A-4F97-A571-98ED82C95827}.Release|x64.Build.0 = Release|x64
		{9AD99441-A33A-4F97-A571-98ED82C95827}.Release|x86.ActiveCfg = Release|Win32
		{9AD99441-A33A-4F97-A571-98ED82C95827}.Release|x86.Build.0 = Release|Win32
		{8EB27EC4-86A3-44A7-9767-19C343709894}.Debug|Any CPU.ActiveCfg = Debug|x86
		{8EB27EC4-86A3-44A7-9767-19C343709894}.Debug|Mixed Platforms.ActiveCfg = Debug|x86
		{8EB27EC4-86A3-44A7-9767-19C343709894}.Debug|Mixed Platforms.Build.0 = Debug|x86
		{8EB27EC4-86A3-44A7-9767-19C343709894}.Debug|x64.ActiveCfg = Debug|x64
		{8EB27EC4-86A3-44A7-9767-19C343709894}.Debug|x64.Build.0 = Debug|x64
		{8EB27EC4-86A3-44A7-9767-19C343709894}.Debug|x86.ActiveCfg = Debug|x86
		{8EB27EC4-86A3-44A7-9767-19C343709894}.Debug|x86.Build.0 = Debug|x86
		{8EB27EC4-86A3-44A7-9767-19C343709894}.Release|Any CPU.ActiveCfg = Release|x86
		{8EB27EC4-86A3-44A7-9767-19C343709894}.Release|Mixed Platforms.ActiveCfg = Release|x86
		{8EB27EC4-86A3-44A7-9767-19C343709894}.Release|Mixed Platforms.Build.0 = Release|x86
		{8EB27EC4-86A3-44A7-9767-19C343709894}.Release|x64.ActiveCfg = Release|x64
		{8EB27EC4-86A3-44A7-9767-19C343709894}.Release|x64.Build.0 = Release|x64
		{8EB27EC4-86A3-44A7-9767-19C343709894}.Release|x86.ActiveCfg = Release|x86
		{8EB27EC4-86A3-44A7-9767-19C343709894}.Release|x86.Build.0 = Release|x86
		{861745B0-CE2E-4725-881A-FD0958DE602D}.Debug|Any CPU.ActiveCfg = Debug|Win32
		{861745B0-CE2E-4725-881A-FD0958DE602D}.Debug|Mixed Platforms.ActiveCfg = Debug|Win32
		{861745B0-CE2E-4725-881A-FD0958DE602D}.Debug|Mixed Platforms.Build.0 = Debug|Win32
		{861745B0-CE2E-4725-881A-FD0958DE602D}.Debug|x64.ActiveCfg = Debug|x64
		{861745B0-CE2E-4725-881A-FD0958DE602D}.Debug|x64.Build.0 = Debug|x64
		{861745B0-CE2E-4725-881A-FD0958DE602D}.Debug|x86.ActiveCfg = Debug|Win32
		{861745B0-CE2E-4725-881A-FD0958DE602D}.Debug|x86.Build.0 = Debug|Win32
		{861745B0-CE2E-4725-881A-FD0958DE602D}.Release|Any CPU.ActiveCfg = Release|Win32
		{861745B0-CE2E-4725-881A-FD0958DE602D}.Release|Mixed Platforms.ActiveCfg = Release|Win32
		{861745B0-CE2E-4725-881A-FD0958DE602D}.Release|Mixed Platforms.Build.0 = Release|Win32
		{861745B0-CE2E-4725-881A-FD0958DE602D}.Release|x64.ActiveCfg = Release|x64
		{861745B0-CE2E-4725-881A-FD0958DE602D}.Release|x64.Build.0 = Release|x64
		{861745B0-CE2E-4725-881A-FD0958DE602D}.Release|x86.ActiveCfg = Release|Win32
		{861745B0-CE2E-4725-881A-FD0958DE602D}.Release|x86.Build.0 = Release|Win32
		{BE81D0F0-0D06-44CF-8C06-C16EC4B13D63}.Debug|Any CPU.ActiveCfg = Debug|x86
		{BE81D0F0-0D06-44CF-8C06-C16EC4B13D63}.Debug|Mixed Platforms.ActiveCfg = Debug|x86
		{BE81D0F0-0D06-44CF-8C06-C16EC4B13D63}.Debug|Mixed Platforms.Build.0 = Debug|x86
		{BE81D0F0-0D06-44CF-8C06-C16EC4B13D63}.Debug|x64.ActiveCfg = Debug|x64
		{BE81D0F0-0D06-44CF-8C06-C16EC4B13D63}.Debug|x64.Build.0 = Debug|x64
		{BE81D0F0-0D06-44CF-8C06-C16EC4B13D63}.Debug|x86.ActiveCfg = Debug|x86
		{BE81D0F0-0D06-44CF-8C06-C16EC4B13D63}.Debug|x86.Build.0 = Debug|x86
		{BE81D0F0-0D06-44CF-8C06-C16EC4B13D63}.Release|Any CPU.ActiveCfg = Release|x86
		{BE81D0F0-0D06-44CF-8C06-C16EC4B13D63}.Release|Mixed Platforms.ActiveCfg = Release|x86
		{BE81D0F0-0D06-44CF-8C06-C16EC4B13D63}.Release|Mixed Platforms.Build.0 = Release|x86
		{BE81D0F0-0D06-44CF-8C06-C16EC4B13D63}.Release|x64.ActiveCfg = Release|x64
		{BE81D0F0-0D06-44CF-8C06-C16EC4B13D63}.Release|x64.Build.0 = Release|x64
		{BE81D0F0-0D06-44CF-8C06-C16EC4B13D63}.Release|x86.ActiveCfg = Release|x86
		{BE81D0F0-0D06-44CF-8C06-C16EC4B13D63}.Release|x86.Build.0 = Release|x86
		{EB8E9874-54FA-4789-ACC0-B25D8337B6C7}.Debug|Any CPU.ActiveCfg = Debug|Any CPU
		{EB8E9874-54FA-4789-ACC0-B25D8337B6C7}.Debug|Any CPU.Build.0 = Debug|Any CPU
		{EB8E9874-54FA-4789-ACC0-B25D8337B6C7}.Debug|Mixed Platforms.ActiveCfg = Debug|Any CPU
		{EB8E9874-54FA-4789-ACC0-B25D8337B6C7}.Debug|Mixed Platforms.Build.0 = Debug|Any CPU
		{EB8E9874-54FA-4789-ACC0-B25D8337B6C7}.Debug|x64.ActiveCfg = Debug|Any CPU
		{EB8E9874-54FA-4789-ACC0-B25D8337B6C7}.Debug|x86.ActiveCfg = Debug|Any CPU
		{EB8E9874-54FA-4789-ACC0-B25D8337B6C7}.Release|Any CPU.ActiveCfg = Release|Any CPU
		{EB8E9874-54FA-4789-ACC0-B25D8337B6C7}.Release|Any CPU.Build.0 = Release|Any CPU
		{EB8E9874-54FA-4789-ACC0-B25D8337B6C7}.Release|Mixed Platforms.ActiveCfg = Release|Any CPU
		{EB8E9874-54FA-4789-ACC0-B25D8337B6C7}.Release|Mixed Platforms.Build.0 = Release|Any CPU
		{EB8E9874-54FA-4789-ACC0-B25D8337B6C7}.Release|x64.ActiveCfg = Release|Any CPU
		{EB8E9874-54FA-4789-ACC0-B25D8337B6C7}.Release|x86.ActiveCfg = Release|Any CPU
		{0BE425C2-3FFD-446D-ACEE-697418422E15}.Debug|Any CPU.ActiveCfg = Debug|Any CPU
		{0BE425C2-3FFD-446D-ACEE-697418422E15}.Debug|Any CPU.Build.0 = Debug|Any CPU
		{0BE425C2-3FFD-446D-ACEE-697418422E15}.Debug|Mixed Platforms.ActiveCfg = Debug|Any CPU
		{0BE425C2-3FFD-446D-ACEE-697418422E15}.Debug|Mixed Platforms.Build.0 = Debug|Any CPU
		{0BE425C2-3FFD-446D-ACEE-697418422E15}.Debug|x64.ActiveCfg = Debug|Any CPU
		{0BE425C2-3FFD-446D-ACEE-697418422E15}.Debug|x86.ActiveCfg = Debug|Any CPU
		{0BE425C2-3FFD-446D-ACEE-697418422E15}.Release|Any CPU.ActiveCfg = Release|Any CPU
		{0BE425C2-3FFD-446D-ACEE-697418422E15}.Release|Any CPU.Build.0 = Release|Any CPU
		{0BE425C2-3FFD-446D-ACEE-697418422E15}.Release|Mixed Platforms.ActiveCfg = Release|Any CPU
		{0BE425C2-3FFD-446D-ACEE-697418422E15}.Release|Mixed Platforms.Build.0 = Release|Any CPU
		{0BE425C2-3FFD-446D-ACEE-697418422E15}.Release|x64.ActiveCfg = Release|Any CPU
		{0BE425C2-3FFD-446D-ACEE-697418422E15}.Release|x86.ActiveCfg = Release|Any CPU
	EndGlobalSection
	GlobalSection(SolutionProperties) = preSolution
		HideSolutionNode = FALSE
	EndGlobalSection
EndGlobal
